
Microsoft Visual Studio Solution File, Format Version 12.00
# Visual Studio Version 16
VisualStudioVersion = 16.0.31402.337
MinimumVisualStudioVersion = 10.0.40219.1
Project("{FAE04EC0-301F-11D3-BF4B-00C04F79EFBC}") = "Lab7_Advanced_Command", "Lab7_Advanced_Command\Lab7_Advanced_Command.csproj", "{61ED97CA-0CBA-429F-AD5B-4F2183030E61}"
EndProject
Global
	GlobalSection(SolutionConfigurationPlatforms) = preSolution
		Debug|Any CPU = Debug|Any CPU
		Release|Any CPU = Release|Any CPU
	EndGlobalSection
	GlobalSection(ProjectConfigurationPlatforms) = postSolution
		{61ED97CA-0CBA-429F-AD5B-4F2183030E61}.Debug|Any CPU.ActiveCfg = Debug|Any CPU
		{61ED97CA-0CBA-429F-AD5B-4F2183030E61}.Debug|Any CPU.Build.0 = Debug|Any CPU
		{61ED97CA-0CBA-429F-AD5B-4F2183030E61}.Release|Any CPU.ActiveCfg = Release|Any CPU
		{61ED97CA-0CBA-429F-AD5B-4F2183030E61}.Release|Any CPU.Build.0 = Release|Any CPU
	EndGlobalSection
	GlobalSection(SolutionProperties) = preSolution
		HideSolutionNode = FALSE
	EndGlobalSection
	GlobalSection(ExtensibilityGlobals) = postSolution
		SolutionGuid = {B748ADCE-88E2-4BE4-A90A-F77F2B420E2C}
	EndGlobalSection
EndGlobal
